github.com/chzyer/logex v1.1.10/go.mod h1:+Ywpsq7O8HXn0nuIou7OrIPyXbp3wmkHB+jjWRnGsAI=
github.com/chzyer/readline v0.0.0-20180603132655-2972be24d48e/go.mod h1:nSuG5e5PlCu98SY8svDHJxuZscDgtXS6KTTbou5AhLI=
github.com/chzyer/test v0.0.0-20180213035817-a1ea475d72b1/go.mod h1:Q3SI9o4m/ZMnBNeIyt5eFwwo7qiLfzFZmjNmxjkiQlU=
github.com/davecgh/go-spew v1.1.0/go.mod h1:J7Y8YcW2NihsgmVo/mv3lAwl/skON4iLHjSsI+c5H38=
github.com/davecgh/go-spew v1.1.1/go.mod h1:J7Y8YcW2NihsgmVo/mv3lAwl/skON4iLHjSsI+c5H38=
github.com/facebookgo/clock v0.0.0-20150410010913-600d898af40a h1:yDWHCSQ40h88yih2JAcL6Ls/kVkSE8GFACTGVnMPruw=
github.com/facebookgo/clock v0.0.0-20150410010913-600d898af40a/go.mod h1:7Ga40egUymuWXxAe151lTNnCv97MddSOVsjpPPkityA=
github.com/facebookgo/grace v0.0.0-20180706040059-75cf19382434 h1:mOp33BLbcbJ8fvTAmZacbBiOASfxN+MLcLxymZCIrGE=
github.com/facebookgo/grace v0.0.0-20180706040059-75cf19382434/go.mod h1:KigFdumBXUPSwzLDbeuzyt0elrL7+CP7TKuhrhT4bcU=
github.com/facebookgo/httpdown v0.0.0-20180706035922-5979d39b15c2 h1:nXeeRHmgNgjLxi+7dY9l9aDvSS1uwVlNLqUWIY4Ath0=
github.com/facebookgo/httpdown v0.0.0-20180706035922-5979d39b15c2/go.mod h1:TUV/fX3XrTtBQb5+ttSUJzcFgLNpILONFTKmBuk5RSw=
github.com/facebookgo/stats v0.0.0-20151006221625-1b76add642e4 h1:0YtRCqIZs2+Tz49QuH6cJVw/IFqzo39gEqZ0iYLxD2M=
github.com/facebookgo/stats v0.0.0-20151006221625-1b76add642e4/go.mod h1:vsJz7uE339KUCpBXx3JAJzSRH7Uk4iGGyJzR529qDIA=
github.com/fsnotify/fsnotify v1.4.7 h1:IXs+QLmnXW2CcXuY+8Mzv/fWEsPGWxqefPtCP5CnV9I=
github.com/fsnotify/fsnotify v1.4.7/go.mod h1:jwhsz4b93w/PPRr/qN1Yymfu8t87LnFCMoQvtojpjFo=
github.com/gin-contrib/cors v1.3.0 h1:PolezCc89peu+NgkIWt9OB01Kbzt6IP0J/JvkG6xxlg=
github.com/gin-contrib/cors v1.3.0/go.mod h1:artPvLlhkF7oG06nK8v3U8TNz6IeX+w1uzCSEId5/Vc=
github.com/gin-contrib/sse v0.0.0-20190301062529-5545eab6dad3 h1:t8FVkw33L+wilf2QiWkw0UV77qRpcH/JHPKGpKa2E8g=
github.com/gin-contrib/sse v0.0.0-20190301062529-5545eab6dad3/go.mod h1:VJ0WA2NBN22VlZ2dKZQPAPnyWw5XTlK1KymzLKsr59s=
github.com/gin-gonic/gin v1.3.0/go.mod h1:7cKuhb5qV2ggCFctp2fJQ+ErvciLZrIeoOSOm6mUr7Y=
github.com/gin-gonic/gin v1.4.0 h1:3tMoCCfM7ppqsR0ptz/wi1impNpT7/9wQtMZ8lr1mCQ=
github.com/gin-gonic/gin v1.4.0/go.mod h1:OW2EZn3DO8Ln9oIKOvM++LBO+5UPHJJDH72/q/3rZdM=
github.com/go-redis/redis v6.15.2+incompatible h1:9SpNVG76gr6InJGxoZ6IuuxaCOQwDAhzyXg+Bs+0Sb4=
github.com/go-redis/redis v6.15.2+incompatible/go.mod h1:NAIEuMOZ/fxfXJIrKDQDz8wamY7mA7PouImQ2Jvg6kA=
github.com/go-sql-driver/mysql v1.4.1 h1:g24URVg0OFbNUTx9qqY1IRZ9D9z3iPyi5zKhQZpNwpA=
github.com/go-sql-driver/mysql v1.4.1/go.mod h1:zAC/RDZ24gD3HViQzih4MyKcchzm+sOG5ZlKdlhCg5w=
github.com/go-tomb/tomb v1.0.0-20141024135613-dd632973f1e7 h1:aZAooRzlS5qyUfVEXEvDfkmrwutUsaG4aqGsCG0+ddM=
github.com/go-tomb/tomb v1.0.0-20141024135613-dd632973f1e7/go.mod h1:RBAwp+uBhymHG7YL5Wjwy9uKPyOHOwbtWOZucxDDSl8=
github.com/go-yaml/yaml v2.1.0+incompatible h1:RYi2hDdss1u4YE7GwixGzWwVo47T8UQwnTLB6vQiq+o=
github.com/go-yaml/yaml v2.1.0+incompatible/go.mod h1:w2MrLa16VYP0jy6N7M5kHaCkaLENm+P+Tv+MfurjSw0=
github.com/golang/protobuf v1.3.1 h1:YF8+flBXS5eO826T4nzqPrxfhQThhXl0YzfuUPu4SBg=
github.com/golang/protobuf v1.3.1/go.mod h1:6lQm79b+lXiMfvg/cZm0SGofjICqVBUtrP5yJMmIC1U=
github.com/golang/sys v0.0.0-20190204203706-41f3e6584952 h1:kjFPJKXuCmzcfJwPQp3+jn/ZtE7aEwV5w/ot1gS7EEA=
github.com/golang/sys v0.0.0-20190204203706-41f3e6584952/go.mod h1:5JyrLPvD/ZdaYkT7IqKhsP5xt7aLjA99KXRtk4EIYDk=
github.com/google/uuid v1.1.1 h1:Gkbcsh/GbpXz7lPftLA3P6TYMwjCLYm83jiFQZF/3gY=
github.com/google/uuid v1.1.1/go.mod h1:TIyPZe4MgqvfeYDBFedMoGGpEw/LqOeaOT+nhxU+yHo=
github.com/gorhill/cronexpr v0.0.0-20180427100037-88b0669f7d75 h1:f0n1xnMSmBLzVfsMMvriDyA75NB/oBgILX2GcHXIQzY=
github.com/gorhill/cronexpr v0.0.0-20180427100037-88b0669f7d75/go.mod h1:g2644b03hfBX9Ov0ZBDgXXens4rxSxmqFBbhvKv2yVA=
github.com/gorilla/websocket v1.4.0 h1:WDFjx/TMzVgy9VdMMQi2K2Emtwi2QcUQsztZ/zLaH/Q=
github.com/gorilla/websocket v1.4.0/go.mod h1:E7qHFY5m1UJ88s3WnNqhKjPHQ0heANvMoAMk2YaljkQ=
github.com/hpcloud/tail v1.0.0 h1:nfCOvKYfkgYP8hkirhJocXT2+zOD8yUNjXaWfTlyFKI=
github.com/hpcloud/tail v1.0.0/go.mod h1:ab1qPbhIpdTxEkNHXyeSf5vhxWSCs/tWer42PpOxQnU=
github.com/json-iterator/go v1.1.6/go.mod h1:+SdeFBvtyEkXs7REEP0seUULqWtbJapLOCVDaaPEHmU=
github.com/kimkit/apires v0.0.0-20190328022601-89d5831bc037 h1:CHs02fuLKLO1sSCwP57jhwIrlIvbnbA+eZCXC16BGo0=
github.com/kimkit/apires v0.0.0-20190328022601-89d5831bc037/go.mod h1:z2ZrjE0o2MrVPUTaq0azOPhbTCcul66J9l7liaI/P54=
github.com/kimkit/appserver v0.0.0-20190717004422-2ba7095e2cf3 h1:rBNRZ+fmdjuadNlXBB3NeNuOHM5eXofnRC0z7xGREN0=
github.com/kimkit/cmdlib v0.0.0-20190517023525-4ca4d619162e h1:Aqtl69m45YYX3dVRJVe0tY1XsQaaqrVO3cREA9wexk4=
github.com/kimkit/cmdlib v0.0.0-20190517023525-4ca4d619162e/go.mod h1:TgCJ+K62yWpjLWLQ4lyT0u3o07QFzS4MS2oCT2B+ILI=
github.com/kimkit/cmdlib v0.0.0-20190724140923-167d0c8a76ef h1:BclC6223Dh8E0Ibmz5xQoNTx9DrCQl/V/ezcZEq9mkM=
github.com/kimkit/cmdlib v0.0.0-20190724140923-167d0c8a76ef/go.mod h1:TgCJ+K62yWpjLWLQ4lyT0u3o07QFzS4MS2oCT2B+ILI=
github.com/kimkit/config v0.0.0-20190227064224-0b7a303c5664 h1:1aml/wDA/yy34APzY7Iv87/Q9r4rrZa/CogADsmpK0E=
github.com/kimkit/config v0.0.0-20190227064224-0b7a303c5664/go.mod h1:qgURaKTkaywRZhHfxPDjlqU6N1O8Iji9CCyROc2YkLg=
github.com/kimkit/config v0.0.0-20190627054101-56a7c3655458 h1:XYwXy/xTC0hSwSTpbcGjuqpYBJcM0Cjud818xeAA834=
github.com/kimkit/config v0.0.0-20190627054101-56a7c3655458/go.mod h1:qgURaKTkaywRZhHfxPDjlqU6N1O8Iji9CCyROc2YkLg=
github.com/kimkit/config v0.0.0-20190710213055-dab728751fdf h1:LJKt8aCZteHObgjyWWBeO6/r/GZu6ggBPIgW7th/LA4=
github.com/kimkit/config v0.0.0-20190710213055-dab728751fdf/go.mod h1:1ObwBNvadY1kox4t9ZRJdOSVez1HqEmAj0N5vpjxmJo=
github.com/kimkit/daemon v0.0.0-20190311070945-72a1e459e89d h1:eWkljQVOa62sWzz+srhlPoSLWjW8Px6pYjTin3htJyw=
github.com/kimkit/daemon v0.0.0-20190311070945-72a1e459e89d/go.mod h1:9Sf6hp8GTNjAnqrU9BXjYAspYjsQMj/6vdHmRbfM8p8=
github.com/kimkit/dbutil v0.0.0-20190627013004-e7a1fecbc262 h1:Ttb5HUsb8EwpM/A1GwjCycqWSRhgJnpbsRqhAQCNkmU=
github.com/kimkit/dbutil v0.0.0-20190627013004-e7a1fecbc262/go.mod h1:E7dk82QKqzEIFmtLQti/Ngk9kw75sPoE4pRqyJzjIp0=
github.com/kimkit/dbutil v0.0.0-20190718005856-fa8a1609bb8e h1:xEODO4Ol2pA3ppNYn5npk+GHAfhcygeINZARlGAmp4Y=
github.com/kimkit/dbutil v0.0.0-20190718005856-fa8a1609bb8e/go.mod h1:E7dk82QKqzEIFmtLQti/Ngk9kw75sPoE4pRqyJzjIp0=
github.com/kimkit/ginsvr v0.0.0-20190422062603-59ab961f4e48 h1:qtc3eKTm/0k9YBhIuWowQ1w+lGY5F5Q/QdL7LfqKKD4=
github.com/kimkit/ginsvr v0.0.0-20190422062603-59ab961f4e48/go.mod h1:uZLNm28PPgZVjgDce8a4gm9WejpdplLTmusQs0HNR+8=
github.com/kimkit/hooker v0.0.0-20190625005221-cec8202f0efb/go.mod h1:PTASPc5lFUNRT6POJLghXlKhKHExj0+W3SDa8hYTmKk=
github.com/kimkit/iputil v0.0.0-20190721080944-abe76cf5c995 h1:brfi2ARLgmeMgbSdFqOe0VcSMVoe1kz14SETkHl5KXY=
github.com/kimkit/iputil v0.0.0-20190721080944-abe76cf5c995/go.mod h1:caDthX5YcygMd+A7fsKjruxcq5eiACrAjvIEjg6AtZI=
github.com/kimkit/jobctl v0.0.0-20190327070424-db1f05fd1b1b/go.mod h1:Fm/8FZYTlOCqiXAt//lxi8Fg8CZis8+aKz0yhz7PjGM=
github.com/kimkit/jobctl v0.0.0-20190409020851-262d222c1b93 h1:T4QuJUOZzyC4odg7U6MDUQ7kEFN/fkTYyrldGgJTlAU=
github.com/kimkit/jobctl v0.0.0-20190409020851-262d222c1b93/go.mod h1:Fm/8FZYTlOCqiXAt//lxi8Fg8CZis8+aKz0yhz7PjGM=
github.com/kimkit/jobext v0.0.0-20190401071046-e9837a0dc011/go.mod h1:E79zAntztaQd/BbrGl7csdnQmJRy1unALx9it1+MZwk=
github.com/kimkit/jobext v0.0.0-20190524000718-705bf59952ad h1:uka5P/3jF7Jogdx9OS9Bia1+th8Rz2NDIaXWK3FGsKc=
github.com/kimkit/jobext v0.0.0-20190524000718-705bf59952ad/go.mod h1:E79zAntztaQd/BbrGl7csdnQmJRy1unALx9it1+MZwk=
github.com/kimkit/lister v0.0.0-20190605222412-4d3c2d38ae7a h1:UBXcTFemvMccbe7kkDX06WH19v4Dtp8mEUmVAvvxmSY=
github.com/kimkit/lister v0.0.0-20190605222412-4d3c2d38ae7a/go.mod h1:zapPlZXscKE0XZ+UmzAlAWc7MrMPo2G/UZee8ZdxAeY=
github.com/kimkit/logger v0.0.0-20190421055409-d37049967e09 h1:eF6DWjsejeJlKiQ4T0HGN4cHGy8oiYX7marYdVKKXmw=
github.com/kimkit/logger v0.0.0-20190421055409-d37049967e09/go.mod h1:qXlcMTBomo44LOfgpk7beqY5RFvjQO/MKwpU+tRsiKg=
github.com/kimkit/luactl v0.0.0-20190607033858-9ae0dd7485da h1:uXPyMpcahZytiTwJ13YpnJOwvtrbch5y8UkPPT17utE=
github.com/kimkit/luactl v0.0.0-20190607033858-9ae0dd7485da/go.mod h1:dbWcTm5WYxFzAvp4SXWl7SgLAm8cTr8HX6Zc7Aqusqc=
github.com/kimkit/luactl v0.0.0-20190621104429-0fa18f4fbbee h1:Mz/Fr3ptC9CyXNt8PCUVPj1vzbhNrIhn8OS7cMCmbY8=
github.com/kimkit/luactl v0.0.0-20190621104429-0fa18f4fbbee/go.mod h1:dbWcTm5WYxFzAvp4SXWl7SgLAm8cTr8HX6Zc7Aqusqc=
github.com/kimkit/lualib v0.0.0-20190714012921-b8dc8ce4eb50 h1:5yaQGQEiVWgwRVqoifk3ZBtYtzj4/6wM7Tn4RTksXaM=
github.com/kimkit/lualib v0.0.0-20190714012921-b8dc8ce4eb50/go.mod h1:0ue+f+MfEeRJiuqvnEbMC94ayM1T/34yZx3DUMXnN4Y=
github.com/kimkit/lualib v0.0.0-20190718080008-75fb8f781b9a h1:FktSV5la1BCXNOqeyEBzJLT/2JuHBElkNjQ5F8TVrlA=
github.com/kimkit/lualib v0.0.0-20190718080008-75fb8f781b9a/go.mod h1:0ue+f+MfEeRJiuqvnEbMC94ayM1T/34yZx3DUMXnN4Y=
github.com/kimkit/lualib v0.0.0-20190723071335-9ccf967a423f h1:PH42QzPPfAp8r7WZD3mt2u3S9RjBvNkjx+8sm9/q2R8=
github.com/kimkit/lualib v0.0.0-20190723071335-9ccf967a423f/go.mod h1:0ue+f+MfEeRJiuqvnEbMC94ayM1T/34yZx3DUMXnN4Y=
github.com/kimkit/proctl v0.0.0-20190421063323-f7d3ecf97d21 h1:c9nbidxDnJADmgT46T2qD1AfAEmTDCoO/F8naqGjoUM=
github.com/kimkit/proctl v0.0.0-20190421063323-f7d3ecf97d21/go.mod h1:u0lPj6IrMcBD8KTTl6L2Lx2/G2nSjRrkvHlj/OBsdV8=
github.com/kimkit/redsvr v0.0.0-20190327070501-e1cdea9134f0/go.mod h1:MO6vIkHBYjqf9aEXct+EBuSrP6R9pb5W2xBM4tt0Gns=
github.com/kimkit/redsvr v0.0.0-20190409021028-880cbd6a0195 h1:5b2d0gKYbp6LqjknAhOztfm5EPK0W3IoUsfXnXKHr54=
github.com/kimkit/redsvr v0.0.0-20190409021028-880cbd6a0195/go.mod h1:MO6vIkHBYjqf9aEXct+EBuSrP6R9pb5W2xBM4tt0Gns=
github.com/kimkit/redsvr v0.0.0-20190725050244-6f7c5e1c2ca2 h1:aQQca6pTzBi4aCZb8KoXW96WxMqMYmYfxCQRp7EDS58=
github.com/kimkit/redsvr v0.0.0-20190725050244-6f7c5e1c2ca2/go.mod h1:MO6vIkHBYjqf9aEXct+EBuSrP6R9pb5W2xBM4tt0Gns=
github.com/kimkit/reqctl v0.0.0-20190627004744-233a41c8c0b9 h1:xn35sy9edsC1hn9IHRMlSXwZUDU3LgXSHnOmyeP4heg=
github.com/kimkit/reqctl v0.0.0-20190627004744-233a41c8c0b9/go.mod h1:HQ1o+QJgUJjPBP0wHR2YcCc0yj8THARarNsEaZGO5L8=
github.com/kimkit/thread v0.0.0-20190321020915-48a92938178a h1:zXxMWKX2E4SgsRMS68wd14LxrRxoIJLW1AETMFAzPuU=
github.com/kimkit/thread v0.0.0-20190321020915-48a92938178a/go.mod h1:msA4Tb2AV7qvk91WCAgCrxYOXbeOxwT7q6sXSmUJ1Gc=
github.com/kr/pretty v0.1.0/go.mod h1:dAy3ld7l9f0ibDNOQOHHMYYIIbhfbHSm3C4ZsoJORNo=
github.com/kr/pty v1.1.1/go.mod h1:pFQYn66WHrOpPYNljwOMqo10TkYh1fy3cYio2l3bCsQ=
github.com/kr/text v0.1.0/go.mod h1:4Jbv+DJW3UT/LiOwJeYQe1efqtUx/iVham/4vfdArNI=
github.com/mattn/go-isatty v0.0.7 h1:UvyT9uN+3r7yLEYSlJsbQGdsaB/a0DlgWP3pql6iwOc=
github.com/mattn/go-isatty v0.0.7/go.mod h1:Iq45c/XA43vh69/j3iqttzPXn0bhXyGjM0Hdxcsrc5s=
github.com/mattn/go-shellwords v1.0.5 h1:JhhFTIOslh5ZsPrpa3Wdg8bF0WI3b44EMblmU9wIsXc=
github.com/mattn/go-shellwords v1.0.5/go.mod h1:3xCvwCdWdlDJUrvuMn7Wuy9eWs4pE8vqg+NOMyg4B2o=
github.com/modern-go/concurrent v0.0.0-20180306012644-bacd9c7ef1dd/go.mod h1:6dJC0mAP4ikYIbvyc7fijjWJddQyLn8Ig3JB5CqoB9Q=
github.com/modern-go/reflect2 v1.0.1/go.mod h1:bx2lNnkwVCuqBIxFjflWJWanXIb3RllmbCylyMrvgv0=
github.com/pmezard/go-difflib v1.0.0/go.mod h1:iKH77koFhYxTK1pcRnkKkqfTogsbg7gZNVY4sRDYZ/4=
github.com/rakyll/statik v0.1.6 h1:uICcfUXpgqtw2VopbIncslhAmE5hwc4g20TEyEENBNs=
github.com/rakyll/statik v0.1.6/go.mod h1:OEi9wJV/fMUAGx1eNjq75DKDsJVuEv1U0oYdX6GX8Zs=
github.com/rokumoe/redisgo v0.0.0-20180602193945-55321cfdb027 h1:jx+Wp/PZRue6KUD4r9+DE/fj1gvLgeXifLTkBeGX5t4=
github.com/rokumoe/redisgo v0.0.0-20180602193945-55321cfdb027/go.mod h1:SrS+mftfPaVNT0GKkHHJZgqCRaXlC9c3VtpNNkv+rEk=
github.com/stretchr/objx v0.1.0/go.mod h1:HFkY916IF+rwdDfMAkV7OtwuqBVzrE8GR6GFx+wExME=
github.com/stretchr/testify v1.3.0/go.mod h1:M5WIy9Dh21IEIfnGCwXGc5bZfKNJtfHm1UVUgZn+9EI=
github.com/ugorji/go v1.1.4 h1:j4s+tAvLfL3bZyefP2SEWmhBzmuIlH/eqNuPdFPgngw=
github.com/ugorji/go v1.1.4/go.mod h1:uQMGLiO92mf5W77hV/PUCpI3pbzQx3CRekS0kk+RGrc=
github.com/yuin/gopher-lua v0.0.0-20190514113301-1cd887cd7036 h1:1b6PAtenNyhsmo/NKXVe34h7JEZKva1YB/ne7K7mqKM=
github.com/yuin/gopher-lua v0.0.0-20190514113301-1cd887cd7036/go.mod h1:gqRgreBUhTSL0GeU64rtZ3Uq3wtjOa/TB2YfrtkCbVQ=
golang.org/x/crypto v0.0.0-20190308221718-c2843e01d9a2/go.mod h1:djNgcEr1/C05ACkg1iLfiJU5Ep61QUkGW8qpdssI0+w=
golang.org/x/net v0.0.0-20190503192946-f4e77d36d62c/go.mod h1:t9HGtf8HONx5eT2rtn7q6eTqICYqUVnKs3thJo3Qplg=
golang.org/x/text v0.3.0/go.mod h1:NqM8EUOU14njkJ3fqMW+pc6Ldnwhi/IjpwHt7yyuwOQ=
gopkg.in/check.v1 v0.0.0-20161208181325-20d25e280405/go.mod h1:Co6ibVJAznAaIkqp8huTwlJQCZ016jof/cbN4VW5Yz0=
gopkg.in/check.v1 v1.0.0-20180628173108-788fd7840127/go.mod h1:Co6ibVJAznAaIkqp8huTwlJQCZ016jof/cbN4VW5Yz0=
gopkg.in/fsnotify.v1 v1.4.7 h1:xOHLXZwVvI9hhs+cLKq5+I5onOuwQLhQwiu63xxlHs4=
gopkg.in/fsnotify.v1 v1.4.7/go.mod h1:Tz8NjZHkW78fSQdbUxIjBTcgA1z1m8ZHf0WmKUhAMys=
gopkg.in/go-playground/assert.v1 v1.2.1/go.mod h1:9RXL0bg/zibRAgZUYszZSwO/z8Y/a8bDuhia5mkpMnE=
gopkg.in/go-playground/validator.v8 v8.18.2 h1:lFB4DoMU6B626w8ny76MV7VX6W2VHct2GVOI3xgiMrQ=
gopkg.in/go-playground/validator.v8 v8.18.2/go.mod h1:RX2a/7Ha8BgOhfk7j780h4/u/RRjR0eouCJSH80/M2Y=
gopkg.in/tomb.v1 v1.0.0-20141024135613-dd632973f1e7 h1:uRGJdciOHaEIrze2W8Q3AKkepLTh2hOroT7a+7czfdQ=
gopkg.in/tomb.v1 v1.0.0-20141024135613-dd632973f1e7/go.mod h1:dt/ZhP58zS4L8KSrWDmTeBkI65Dw0HsyUHuEVlX15mw=
gopkg.in/yaml.v2 v2.2.2 h1:ZCJp+EgiOT7lHqUV2J862kp8Qj64Jo6az82+3Td9dZw=
gopkg.in/yaml.v2 v2.2.2/go.mod h1:hI93XBmqTisBFMUTm0b8Fm+jr3Dg1NNxqwp+5A1VGuI=
