github.com/go-redis/redis v6.15.2+incompatible h1:9SpNVG76gr6InJGxoZ6IuuxaCOQwDAhzyXg+Bs+0Sb4=
github.com/go-redis/redis v6.15.2+incompatible/go.mod h1:NAIEuMOZ/fxfXJIrKDQDz8wamY7mA7PouImQ2Jvg6kA=
github.com/go-yaml/yaml v2.1.0+incompatible/go.mod h1:w2MrLa16VYP0jy6N7M5kHaCkaLENm+P+Tv+MfurjSw0=
github.com/gorhill/cronexpr v0.0.0-20180427100037-88b0669f7d75 h1:f0n1xnMSmBLzVfsMMvriDyA75NB/oBgILX2GcHXIQzY=
github.com/gorhill/cronexpr v0.0.0-20180427100037-88b0669f7d75/go.mod h1:g2644b03hfBX9Ov0ZBDgXXens4rxSxmqFBbhvKv2yVA=
github.com/kimkit/cmdlib v0.0.0-20190420122834-d2eb25644e7c h1:I9WJhAtHUfyfCsZaSbmRadoYLFf41VW9ZKwEqo5fsfw=
github.com/kimkit/cmdlib v0.0.0-20190420122834-d2eb25644e7c/go.mod h1:TgCJ+K62yWpjLWLQ4lyT0u3o07QFzS4MS2oCT2B+ILI=
github.com/kimkit/cmdlib v0.0.0-20190421023603-81f395451c24 h1:o4yZ8rhdIYdd3ouyIe2Nvsk3V1JM1/NSTupKp5QjBAc=
github.com/kimkit/cmdlib v0.0.0-20190421023603-81f395451c24/go.mod h1:TgCJ+K62yWpjLWLQ4lyT0u3o07QFzS4MS2oCT2B+ILI=
github.com/kimkit/cmdlib v0.0.0-20190425235311-896f1d4c64ce h1:bxskz6gvYupsbNhZmyajaGbKkEgbXDc3riFoVsKLHCw=
github.com/kimkit/cmdlib v0.0.0-20190425235311-896f1d4c64ce/go.mod h1:TgCJ+K62yWpjLWLQ4lyT0u3o07QFzS4MS2oCT2B+ILI=
github.com/kimkit/cmdlib v0.0.0-20190517023525-4ca4d619162e h1:Aqtl69m45YYX3dVRJVe0tY1XsQaaqrVO3cREA9wexk4=
github.com/kimkit/cmdlib v0.0.0-20190517023525-4ca4d619162e/go.mod h1:TgCJ+K62yWpjLWLQ4lyT0u3o07QFzS4MS2oCT2B+ILI=
github.com/kimkit/config v0.0.0-20190227064224-0b7a303c5664 h1:1aml/wDA/yy34APzY7Iv87/Q9r4rrZa/CogADsmpK0E=
github.com/kimkit/config v0.0.0-20190227064224-0b7a303c5664/go.mod h1:qgURaKTkaywRZhHfxPDjlqU6N1O8Iji9CCyROc2YkLg=
github.com/kimkit/daemon v0.0.0-20190311070945-72a1e459e89d h1:eWkljQVOa62sWzz+srhlPoSLWjW8Px6pYjTin3htJyw=
github.com/kimkit/daemon v0.0.0-20190311070945-72a1e459e89d/go.mod h1:9Sf6hp8GTNjAnqrU9BXjYAspYjsQMj/6vdHmRbfM8p8=
github.com/kimkit/jobctl v0.0.0-20190327070424-db1f05fd1b1b/go.mod h1:Fm/8FZYTlOCqiXAt//lxi8Fg8CZis8+aKz0yhz7PjGM=
github.com/kimkit/jobctl v0.0.0-20190409020851-262d222c1b93 h1:T4QuJUOZzyC4odg7U6MDUQ7kEFN/fkTYyrldGgJTlAU=
github.com/kimkit/jobctl v0.0.0-20190409020851-262d222c1b93/go.mod h1:Fm/8FZYTlOCqiXAt//lxi8Fg8CZis8+aKz0yhz7PjGM=
github.com/kimkit/jobext v0.0.0-20190401071046-e9837a0dc011 h1:40Nv0W93ciOaEM+K1jSWRJYQZSnv8d/m+172ZDvBkiY=
github.com/kimkit/jobext v0.0.0-20190401071046-e9837a0dc011/go.mod h1:E79zAntztaQd/BbrGl7csdnQmJRy1unALx9it1+MZwk=
github.com/kimkit/jobext v0.0.0-20190524000718-705bf59952ad h1:uka5P/3jF7Jogdx9OS9Bia1+th8Rz2NDIaXWK3FGsKc=
github.com/kimkit/jobext v0.0.0-20190524000718-705bf59952ad/go.mod h1:E79zAntztaQd/BbrGl7csdnQmJRy1unALx9it1+MZwk=
github.com/kimkit/logger v0.0.0-20190421055409-d37049967e09 h1:eF6DWjsejeJlKiQ4T0HGN4cHGy8oiYX7marYdVKKXmw=
github.com/kimkit/logger v0.0.0-20190421055409-d37049967e09/go.mod h1:qXlcMTBomo44LOfgpk7beqY5RFvjQO/MKwpU+tRsiKg=
github.com/kimkit/proctl v0.0.0-20190418140359-2f0a3093bd20 h1:04P4MNCr9RMp2b0ZNti5DOvxLY/vMFnE7zrdYGgY88I=
github.com/kimkit/proctl v0.0.0-20190418140359-2f0a3093bd20/go.mod h1:u0lPj6IrMcBD8KTTl6L2Lx2/G2nSjRrkvHlj/OBsdV8=
github.com/kimkit/proctl v0.0.0-20190421063323-f7d3ecf97d21 h1:c9nbidxDnJADmgT46T2qD1AfAEmTDCoO/F8naqGjoUM=
github.com/kimkit/proctl v0.0.0-20190421063323-f7d3ecf97d21/go.mod h1:u0lPj6IrMcBD8KTTl6L2Lx2/G2nSjRrkvHlj/OBsdV8=
github.com/kimkit/redsvr v0.0.0-20190327070501-e1cdea9134f0/go.mod h1:MO6vIkHBYjqf9aEXct+EBuSrP6R9pb5W2xBM4tt0Gns=
github.com/kimkit/redsvr v0.0.0-20190409021028-880cbd6a0195 h1:5b2d0gKYbp6LqjknAhOztfm5EPK0W3IoUsfXnXKHr54=
github.com/kimkit/redsvr v0.0.0-20190409021028-880cbd6a0195/go.mod h1:MO6vIkHBYjqf9aEXct+EBuSrP6R9pb5W2xBM4tt0Gns=
github.com/rokumoe/redisgo v0.0.0-20180602193945-55321cfdb027 h1:jx+Wp/PZRue6KUD4r9+DE/fj1gvLgeXifLTkBeGX5t4=
github.com/rokumoe/redisgo v0.0.0-20180602193945-55321cfdb027/go.mod h1:SrS+mftfPaVNT0GKkHHJZgqCRaXlC9c3VtpNNkv+rEk=
gopkg.in/check.v1 v0.0.0-20161208181325-20d25e280405/go.mod h1:Co6ibVJAznAaIkqp8huTwlJQCZ016jof/cbN4VW5Yz0=
gopkg.in/yaml.v2 v2.2.2 h1:ZCJp+EgiOT7lHqUV2J862kp8Qj64Jo6az82+3Td9dZw=
gopkg.in/yaml.v2 v2.2.2/go.mod h1:hI93XBmqTisBFMUTm0b8Fm+jr3Dg1NNxqwp+5A1VGuI=
